
Microsoft Visual Studio Solution File, Format Version 12.00
# Visual Studio 15
VisualStudioVersion = 15.0.28307.1684
MinimumVisualStudioVersion = 10.0.40219.1
Project("{FAE04EC0-301F-11D3-BF4B-00C04F79EFBC}") = "project_sql", "project_sql\project_sql.csproj", "{94E4B07A-1B2A-403D-AF41-00DDAC6CC308}"
EndProject
Global
	GlobalSection(SolutionConfigurationPlatforms) = preSolution
		Debug|Any CPU = Debug|Any CPU
		Release|Any CPU = Release|Any CPU
	EndGlobalSection
	GlobalSection(ProjectConfigurationPlatforms) = postSolution
		{94E4B07A-1B2A-403D-AF41-00DDAC6CC308}.Debug|Any CPU.ActiveCfg = Debug|Any CPU
		{94E4B07A-1B2A-403D-AF41-00DDAC6CC308}.Debug|Any CPU.Build.0 = Debug|Any CPU
		{94E4B07A-1B2A-403D-AF41-00DDAC6CC308}.Release|Any CPU.ActiveCfg = Release|Any CPU
		{94E4B07A-1B2A-403D-AF41-00DDAC6CC308}.Release|Any CPU.Build.0 = Release|Any CPU
	EndGlobalSection
	GlobalSection(SolutionProperties) = preSolution
		HideSolutionNode = FALSE
	EndGlobalSection
	GlobalSection(ExtensibilityGlobals) = postSolution
		SolutionGuid = {86E6F6B0-0559-4A77-99A0-FCA82DAAA588}
	EndGlobalSection
EndGlobal
