
Microsoft Visual Studio Solution File, Format Version 12.00
# Visual Studio 15
VisualStudioVersion = 15.0.28307.1738
MinimumVisualStudioVersion = 10.0.40219.1
Project("{E24C65DC-7377-472B-9ABA-BC803B73C61A}") = "PROJECTWebSite2", "PROJECTWebSite2\", "{5C9CE2EE-E6D0-48EE-9827-76D62F207FEE}"
	ProjectSection(WebsiteProperties) = preProject
		TargetFrameworkMoniker = ".NETFramework,Version%3Dv4.6.1"
		Debug.AspNetCompiler.VirtualPath = "/localhost_51052"
		Debug.AspNetCompiler.PhysicalPath = "PROJECTWebSite2\"
		Debug.AspNetCompiler.TargetPath = "PrecompiledWeb\localhost_51052\"
		Debug.AspNetCompiler.Updateable = "true"
		Debug.AspNetCompiler.ForceOverwrite = "true"
		Debug.AspNetCompiler.FixedNames = "false"
		Debug.AspNetCompiler.Debug = "True"
		Release.AspNetCompiler.VirtualPath = "/localhost_51052"
		Release.AspNetCompiler.PhysicalPath = "PROJECTWebSite2\"
		Release.AspNetCompiler.TargetPath = "PrecompiledWeb\localhost_51052\"
		Release.AspNetCompiler.Updateable = "true"
		Release.AspNetCompiler.ForceOverwrite = "true"
		Release.AspNetCompiler.FixedNames = "false"
		Release.AspNetCompiler.Debug = "False"
		VWDPort = "51052"
		SlnRelativePath = "PROJECTWebSite2\"
		DefaultWebSiteLanguage = "Visual C#"
	EndProjectSection
EndProject
Global
	GlobalSection(SolutionConfigurationPlatforms) = preSolution
		Debug|Any CPU = Debug|Any CPU
	EndGlobalSection
	GlobalSection(ProjectConfigurationPlatforms) = postSolution
		{5C9CE2EE-E6D0-48EE-9827-76D62F207FEE}.Debug|Any CPU.ActiveCfg = Debug|Any CPU
		{5C9CE2EE-E6D0-48EE-9827-76D62F207FEE}.Debug|Any CPU.Build.0 = Debug|Any CPU
	EndGlobalSection
	GlobalSection(SolutionProperties) = preSolution
		HideSolutionNode = FALSE
	EndGlobalSection
	GlobalSection(ExtensibilityGlobals) = postSolution
		SolutionGuid = {871E50B2-1BF1-44B6-B151-9C1B97A2A9CF}
	EndGlobalSection
EndGlobal
