
Microsoft Visual Studio Solution File, Format Version 12.00
# Visual Studio Version 16
VisualStudioVersion = 16.0.31624.102
MinimumVisualStudioVersion = 10.0.40219.1
Project("{FAE04EC0-301F-11D3-BF4B-00C04F79EFBC}") = "windowsapplication1", "windowsapplication1.csproj", "{2CD247E2-ECD4-489F-9874-5B1883323F60}"
EndProject
Global
	GlobalSection(SolutionConfigurationPlatforms) = preSolution
		Debug|Any CPU = Debug|Any CPU
		Release|Any CPU = Release|Any CPU
	EndGlobalSection
	GlobalSection(ProjectConfigurationPlatforms) = postSolution
		{2CD247E2-ECD4-489F-9874-5B1883323F60}.Debug|Any CPU.ActiveCfg = Debug|Any CPU
		{2CD247E2-ECD4-489F-9874-5B1883323F60}.Debug|Any CPU.Build.0 = Debug|Any CPU
		{2CD247E2-ECD4-489F-9874-5B1883323F60}.Release|Any CPU.ActiveCfg = Release|Any CPU
		{2CD247E2-ECD4-489F-9874-5B1883323F60}.Release|Any CPU.Build.0 = Release|Any CPU
	EndGlobalSection
	GlobalSection(SolutionProperties) = preSolution
		HideSolutionNode = FALSE
	EndGlobalSection
	GlobalSection(ExtensibilityGlobals) = postSolution
		SolutionGuid = {DA6CF1A3-04CD-4741-BEB5-4B86B52CF9AA}
	EndGlobalSection
EndGlobal
